
Microsoft Visual Studio Solution File, Format Version 12.00
# Visual Studio 15
VisualStudioVersion = 15.0.27703.2026
MinimumVisualStudioVersion = 10.0.40219.1
Project("{FAE04EC0-301F-11D3-BF4B-00C04F79EFBC}") = "Client", "Client\Client.csproj", "{C6EDC7B5-A93D-4351-A38D-C18DF908B552}"
EndProject
Project("{FAE04EC0-301F-11D3-BF4B-00C04F79EFBC}") = "Server", "Server\Server.csproj", "{C1E40FD6-0722-41C3-BB8E-6EB0D933C9CF}"
EndProject
Project("{FAE04EC0-301F-11D3-BF4B-00C04F79EFBC}") = "Profile", "Profile\Profile.csproj", "{149E94E6-E553-4BCB-85FE-69C39787A9DC}"
EndProject
Global
	GlobalSection(SolutionConfigurationPlatforms) = preSolution
		Debug|Any CPU = Debug|Any CPU
		Release|Any CPU = Release|Any CPU
	EndGlobalSection
	GlobalSection(ProjectConfigurationPlatforms) = postSolution
		{C6EDC7B5-A93D-4351-A38D-C18DF908B552}.Debug|Any CPU.ActiveCfg = Debug|Any CPU
		{C6EDC7B5-A93D-4351-A38D-C18DF908B552}.Debug|Any CPU.Build.0 = Debug|Any CPU
		{C6EDC7B5-A93D-4351-A38D-C18DF908B552}.Release|Any CPU.ActiveCfg = Release|Any CPU
		{C6EDC7B5-A93D-4351-A38D-C18DF908B552}.Release|Any CPU.Build.0 = Release|Any CPU
		{C1E40FD6-0722-41C3-BB8E-6EB0D933C9CF}.Debug|Any CPU.ActiveCfg = Debug|Any CPU
		{C1E40FD6-0722-41C3-BB8E-6EB0D933C9CF}.Debug|Any CPU.Build.0 = Debug|Any CPU
		{C1E40FD6-0722-41C3-BB8E-6EB0D933C9CF}.Release|Any CPU.ActiveCfg = Release|Any CPU
		{C1E40FD6-0722-41C3-BB8E-6EB0D933C9CF}.Release|Any CPU.Build.0 = Release|Any CPU
		{149E94E6-E553-4BCB-85FE-69C39787A9DC}.Debug|Any CPU.ActiveCfg = Debug|Any CPU
		{149E94E6-E553-4BCB-85FE-69C39787A9DC}.Debug|Any CPU.Build.0 = Debug|Any CPU
		{149E94E6-E553-4BCB-85FE-69C39787A9DC}.Release|Any CPU.ActiveCfg = Release|Any CPU
		{149E94E6-E553-4BCB-85FE-69C39787A9DC}.Release|Any CPU.Build.0 = Release|Any CPU
	EndGlobalSection
	GlobalSection(SolutionProperties) = preSolution
		HideSolutionNode = FALSE
	EndGlobalSection
	GlobalSection(ExtensibilityGlobals) = postSolution
		SolutionGuid = {7ADD3A19-E125-4E2E-B57C-AB0B961D5864}
	EndGlobalSection
EndGlobal
